
Microsoft Visual Studio Solution File, Format Version 12.00
# RemObjects Fire
Project("{656346D9-4656-40DA-A068-22D5425D4639}") = "Moshine.Data", "Moshine.Data.elements", "{41F803C5-E6AF-4069-9FC0-A36567D3688B}"
EndProject
Global
	GlobalSection(SolutionConfigurationPlatforms) = preSolution
		Debug|AnyCPU = Debug|AnyCPU
		Release|AnyCPU = Release|AnyCPU
	EndGlobalSection
	GlobalSection(ProjectConfigurationPlatforms) = postSolution
		{41F803C5-E6AF-4069-9FC0-A36567D3688B}.Debug|AnyCPU.ActiveCfg = Debug|AnyCPU
		{41F803C5-E6AF-4069-9FC0-A36567D3688B}.Debug|AnyCPU.Build.0 = Debug|AnyCPU
		{41F803C5-E6AF-4069-9FC0-A36567D3688B}.Release|AnyCPU.ActiveCfg = Release|AnyCPU
		{41F803C5-E6AF-4069-9FC0-A36567D3688B}.Release|AnyCPU.Build.0 = Release|AnyCPU
	EndGlobalSection
	GlobalSection(SolutionProperties) = preSolution
		HideSolutionNode = FALSE
	EndGlobalSection
EndGlobal